
Microsoft Visual Studio Solution File, Format Version 12.00
# Visual Studio 15
VisualStudioVersion = 15.0.27130.2036
MinimumVisualStudioVersion = 10.0.40219.1
Project("{FAE04EC0-301F-11D3-BF4B-00C04F79EFBC}") = "PasswordChecker", "PasswordChecker\PasswordChecker.csproj", "{78A1B52F-F680-49F8-965D-824102F8BB72}"
EndProject
Global
	GlobalSection(SolutionConfigurationPlatforms) = preSolution
		Debug|Any CPU = Debug|Any CPU
		Release|Any CPU = Release|Any CPU
	EndGlobalSection
	GlobalSection(ProjectConfigurationPlatforms) = postSolution
		{78A1B52F-F680-49F8-965D-824102F8BB72}.Debug|Any CPU.ActiveCfg = Debug|Any CPU
		{78A1B52F-F680-49F8-965D-824102F8BB72}.Debug|Any CPU.Build.0 = Debug|Any CPU
		{78A1B52F-F680-49F8-965D-824102F8BB72}.Release|Any CPU.ActiveCfg = Release|Any CPU
		{78A1B52F-F680-49F8-965D-824102F8BB72}.Release|Any CPU.Build.0 = Release|Any CPU
	EndGlobalSection
	GlobalSection(SolutionProperties) = preSolution
		HideSolutionNode = FALSE
	EndGlobalSection
	GlobalSection(ExtensibilityGlobals) = postSolution
		SolutionGuid = {38A540E0-5993-41C5-9EEE-B87EA6225706}
	EndGlobalSection
EndGlobal
